# THIS IS AN AUTOGENERATED FILE. DO NOT EDIT THIS FILE DIRECTLY.
# yarn lockfile v1


nodemailer@^6.9.8:
  version "6.9.8"
  resolved "https://registry.yarnpkg.com/nodemailer/-/nodemailer-6.9.8.tgz#29601e80440f2af7aa62b32758fdac7c6b784143"
  integrity sha512-cfrYUk16e67Ks051i4CntM9kshRYei1/o/Gi8K1d+R34OIs21xdFnW7Pt7EucmVKA0LKtqUGNcjMZ7ehjl49mQ==
